{
  "version": "2",
  "remote": {
    "https://deno.land/std@0.162.0/_util/assert.ts": "e94f2eb37cebd7f199952e242c77654e43333c1ac4c5c700e929ea3aa5489f74",
    "https://deno.land/std@0.162.0/bytes/equals.ts": "3c3558c3ae85526f84510aa2b48ab2ad7bdd899e2e0f5b7a8ffc85acb3a6043a",
    "https://deno.land/std@0.162.0/bytes/mod.ts": "b2e342fd3669176a27a4e15061e9d588b89c1aaf5008ab71766e23669565d179",
    "https://deno.land/std@0.162.0/uuid/_common.ts": "b608b98503c701d96ddf6983a40fa424952e1ea6d4b13bf13ebe29530742cee4",
    "https://deno.land/std@0.162.0/uuid/mod.ts": "e57ba10200d75f2b17570f13eba19faa6734b1be2da5091e2c01039df41274a5",
    "https://deno.land/std@0.162.0/uuid/v1.ts": "7123410ef9ce980a4f2e54a586ccde5ed7063f6f119a70d86eebd92f8e100295",
    "https://deno.land/std@0.162.0/uuid/v4.ts": "3e983c6ac895ea2a7ba03da927a2438fe1c26ac43fb38dc44f2f8aa50c23cb53",
    "https://deno.land/std@0.162.0/uuid/v5.ts": "43973aeda44ad212f2ec9b8d6c042b74d5cef4ce583d6aa6fc4cdb339344c74c",
    "https://deno.land/std@0.167.0/_util/asserts.ts": "d0844e9b62510f89ce1f9878b046f6a57bf88f208a10304aab50efcb48365272",
    "https://deno.land/std@0.167.0/_util/os.ts": "8a33345f74990e627b9dfe2de9b040004b08ea5146c7c9e8fe9a29070d193934",
    "https://deno.land/std@0.167.0/encoding/base64.ts": "8605e018e49211efc767686f6f687827d7f5fd5217163e981d8d693105640d7a",
    "https://deno.land/std@0.167.0/fmt/colors.ts": "03ad95e543d2808bc43c17a3dd29d25b43d0f16287fe562a0be89bf632454a12",
    "https://deno.land/std@0.167.0/path/_constants.ts": "df1db3ffa6dd6d1252cc9617e5d72165cd2483df90e93833e13580687b6083c3",
    "https://deno.land/std@0.167.0/path/_interface.ts": "ee3b431a336b80cf445441109d089b70d87d5e248f4f90ff906820889ecf8d09",
    "https://deno.land/std@0.167.0/path/_util.ts": "d16be2a16e1204b65f9d0dfc54a9bc472cafe5f4a190b3c8471ec2016ccd1677",
    "https://deno.land/std@0.167.0/path/common.ts": "bee563630abd2d97f99d83c96c2fa0cca7cee103e8cb4e7699ec4d5db7bd2633",
    "https://deno.land/std@0.167.0/path/glob.ts": "81cc6c72be002cd546c7a22d1f263f82f63f37fe0035d9726aa96fc8f6e4afa1",
    "https://deno.land/std@0.167.0/path/mod.ts": "cf7cec7ac11b7048bb66af8ae03513e66595c279c65cfa12bfc07d9599608b78",
    "https://deno.land/std@0.167.0/path/posix.ts": "b859684bc4d80edfd4cad0a82371b50c716330bed51143d6dcdbe59e6278b30c",
    "https://deno.land/std@0.167.0/path/separator.ts": "fe1816cb765a8068afb3e8f13ad272351c85cbc739af56dacfc7d93d710fe0f9",
    "https://deno.land/std@0.167.0/path/win32.ts": "7cebd2bda6657371adc00061a1d23fdd87bcdf64b4843bb148b0b24c11b40f69",
    "https://deno.land/std@0.167.0/semver/mod.ts": "7bff23d6165f0f3d3ea9a165afdb3e0c761acb335012f050ab21575c84828b76",
    "https://deno.land/x/cliffy@v0.25.5/_utils/distance.ts": "02af166952c7c358ac83beae397aa2fbca4ad630aecfcd38d92edb1ea429f004",
    "https://deno.land/x/cliffy@v0.25.5/ansi/ansi_escapes.ts": "885f61f343223f27b8ec69cc138a54bea30542924eacd0f290cd84edcf691387",
    "https://deno.land/x/cliffy@v0.25.5/ansi/chain.ts": "31fb9fcbf72fed9f3eb9b9487270d2042ccd46a612d07dd5271b1a80ae2140a0",
    "https://deno.land/x/cliffy@v0.25.5/ansi/cursor_position.ts": "d537491e31d9c254b208277448eff92ff7f55978c4928dea363df92c0df0813f",
    "https://deno.land/x/cliffy@v0.25.5/ansi/deps.ts": "dbcd92e7208a2ed0acdc2c2bbbbae9ff08c4578bde49192cb6a2a0a38f944be2",
    "https://deno.land/x/cliffy@v0.25.5/ansi/tty.ts": "8fb064c17ead6cdf00c2d3bc87a9fd17b1167f2daa575c42b516f38bdb604673",
    "https://deno.land/x/cliffy@v0.25.5/keycode/key_code.ts": "de4f59787d23015acb54ae8f9a05439c933d3f2c60cdf2b290fd6d9109669894",
    "https://deno.land/x/cliffy@v0.25.5/keycode/key_codes.ts": "917f0a2da0dbace08cf29bcfdaaa2257da9fe7e705fff8867d86ed69dfb08cfe",
    "https://deno.land/x/cliffy@v0.25.5/keycode/mod.ts": "292d2f295316c6e0da6955042a7b31ab2968ff09f2300541d00f05ed6c2aa2d4",
    "https://deno.land/x/cliffy@v0.25.5/prompt/_generic_input.ts": "727d9820eed3b174b4ddf6e2057bc5c9be88a21ee074c0f92b1e0a1b38db3366",
    "https://deno.land/x/cliffy@v0.25.5/prompt/_generic_list.ts": "3dc8015738fad5937fe03ab450429ac05ca663cf2b4ae873747d819d243197dc",
    "https://deno.land/x/cliffy@v0.25.5/prompt/_generic_prompt.ts": "c46a1adb7e6e6a030b1e887f062017cb941714e5d6d893989e1d88d4465a9b27",
    "https://deno.land/x/cliffy@v0.25.5/prompt/_generic_suggestions.ts": "57d20659914685dbe7caae1d79dc9e1dec94333af5788c1f14c05dc81e2e48c3",
    "https://deno.land/x/cliffy@v0.25.5/prompt/_utils.ts": "676cca30762656ed1a9bcb21a7254244278a23ffc591750e98a501644b6d2df3",
    "https://deno.land/x/cliffy@v0.25.5/prompt/checkbox.ts": "4e00e94efcd7a9917101f719564b3bf98a7aee0986bb004a4a75125081538b9d",
    "https://deno.land/x/cliffy@v0.25.5/prompt/confirm.ts": "9de9fd0e51f939bac0c6a5758bf6c9aa438d5916de196761091d689c6f950cf0",
    "https://deno.land/x/cliffy@v0.25.5/prompt/deps.ts": "1e04f65fe6f0134e53887ead3f9aaca517e7ad911a9e62e9a1fafd66cd8a6888",
    "https://deno.land/x/cliffy@v0.25.5/prompt/figures.ts": "26af0fbfe21497220e4b887bb550fab997498cde14703b98e78faf370fbb4b94",
    "https://deno.land/x/cliffy@v0.25.5/prompt/input.ts": "8a98b6b2fbfc273785fdaaecc2e976aaf2d1402387045d73fc7d3fbe75023ea5",
    "https://deno.land/x/cliffy@v0.25.5/prompt/list.ts": "4214e85d8755c1937de456583506a6335e346f041d9eba9230e7578bf3bd9dcc",
    "https://deno.land/x/cliffy@v0.25.5/prompt/mod.ts": "195aed14d10d279914eaa28c696dec404d576ca424c097a5bc2b4a7a13b66c89",
    "https://deno.land/x/cliffy@v0.25.5/prompt/number.ts": "65766e272f4fb96d35b3e6f54673987f81119315b2e843ae60516b064eb5ac04",
    "https://deno.land/x/cliffy@v0.25.5/prompt/prompt.ts": "0e7f6a1d43475ee33fb25f7d50749b2f07fc0bcddd9579f3f9af12d05b4a4412",
    "https://deno.land/x/cliffy@v0.25.5/prompt/secret.ts": "4d513925deca97a7ca5110f2fb6290186ce6deb4de93a9ce841737f196e27177",
    "https://deno.land/x/cliffy@v0.25.5/prompt/select.ts": "3e58d118e79933036df69b30fb5aa63101dccee1f044d1a0010f32ad909806d5",
    "https://deno.land/x/cliffy@v0.25.5/prompt/toggle.ts": "16a8aa3f4f22db7d4705cd263569d547b6540c53b057e64a4c4028b610dd1920",
    "https://deno.land/x/exec@0.0.5/mod.ts": "2a71f7e23e25be883275b22d872bbd2c3dfa3058934f1f156c8663fb81f5894f"
  }
}
