{
  "version": "2",
  "remote": {
    "https://deno.land/std@0.147.0/_util/assert.ts": "e94f2eb37cebd7f199952e242c77654e43333c1ac4c5c700e929ea3aa5489f74",
    "https://deno.land/std@0.147.0/_util/os.ts": "3b4c6e27febd119d36a416d7a97bd3b0251b77c88942c8f16ee5953ea13e2e49",
    "https://deno.land/std@0.147.0/fmt/colors.ts": "6f9340b7fb8cc25a993a99e5efc56fe81bb5af284ff412129dd06df06f53c0b4",
    "https://deno.land/std@0.147.0/path/_constants.ts": "df1db3ffa6dd6d1252cc9617e5d72165cd2483df90e93833e13580687b6083c3",
    "https://deno.land/std@0.147.0/path/_interface.ts": "ee3b431a336b80cf445441109d089b70d87d5e248f4f90ff906820889ecf8d09",
    "https://deno.land/std@0.147.0/path/_util.ts": "c1e9686d0164e29f7d880b2158971d805b6e0efc3110d0b3e24e4b8af2190d2b",
    "https://deno.land/std@0.147.0/path/common.ts": "bee563630abd2d97f99d83c96c2fa0cca7cee103e8cb4e7699ec4d5db7bd2633",
    "https://deno.land/std@0.147.0/path/glob.ts": "cb5255638de1048973c3e69e420c77dc04f75755524cb3b2e160fe9277d939ee",
    "https://deno.land/std@0.147.0/path/mod.ts": "4945b430b759b0b3d98f2a278542cbcf95e0ad2bd8eaaed3c67322b306b2b346",
    "https://deno.land/std@0.147.0/path/posix.ts": "c1f7afe274290ea0b51da07ee205653b2964bd74909a82deb07b69a6cc383aaa",
    "https://deno.land/std@0.147.0/path/separator.ts": "fe1816cb765a8068afb3e8f13ad272351c85cbc739af56dacfc7d93d710fe0f9",
    "https://deno.land/std@0.147.0/path/win32.ts": "bd7549042e37879c68ff2f8576a25950abbfca1d696d41d82c7bca0b7e6f452c",
    "https://deno.land/std@0.147.0/testing/_diff.ts": "029a00560b0d534bc0046f1bce4bd36b3b41ada3f2a3178c85686eb2ff5f1413",
    "https://deno.land/std@0.147.0/testing/_format.ts": "0d8dc79eab15b67cdc532826213bbe05bccfd276ca473a50a3fc7bbfb7260642",
    "https://deno.land/std@0.147.0/testing/asserts.ts": "c17254748504f449c98476b78f4d206ca47cffc826e415026f09d7600c19535e",
    "https://deno.land/std@0.150.0/_util/assert.ts": "e94f2eb37cebd7f199952e242c77654e43333c1ac4c5c700e929ea3aa5489f74",
    "https://deno.land/std@0.150.0/_util/os.ts": "3b4c6e27febd119d36a416d7a97bd3b0251b77c88942c8f16ee5953ea13e2e49",
    "https://deno.land/std@0.150.0/async/abortable.ts": "87aa7230be8360c24ad437212311c9e8d4328854baec27b4c7abb26e85515c06",
    "https://deno.land/std@0.150.0/async/deadline.ts": "48ac998d7564969f3e6ec6b6f9bf0217ebd00239b1b2292feba61272d5dd58d0",
    "https://deno.land/std@0.150.0/async/debounce.ts": "564273ef242bcfcda19a439132f940db8694173abffc159ea34f07d18fc42620",
    "https://deno.land/std@0.150.0/async/deferred.ts": "bc18e28108252c9f67dfca2bbc4587c3cbf3aeb6e155f8c864ca8ecff992b98a",
    "https://deno.land/std@0.150.0/async/delay.ts": "cbbdf1c87d1aed8edc7bae13592fb3e27e3106e0748f089c263390d4f49e5f6c",
    "https://deno.land/std@0.150.0/async/mod.ts": "9852cd8ed897ab2d41a8fbee611d574e97898327db5c19d9d58e41126473f02c",
    "https://deno.land/std@0.150.0/async/mux_async_iterator.ts": "5b4aca6781ad0f2e19ccdf1d1a1c092ccd3e00d52050d9c27c772658c8367256",
    "https://deno.land/std@0.150.0/async/pool.ts": "ef9eb97b388543acbf0ac32647121e4dbe629236899586c4d4311a8770fbb239",
    "https://deno.land/std@0.150.0/async/tee.ts": "bcfae0017ebb718cf4eef9e2420e8675d91cb1bcc0ed9b668681af6e6caad846",
    "https://deno.land/std@0.150.0/fs/_util.ts": "2cf50bfb1081c2d5f2efec10ac19abbc2baf478e51cd1b057d0da2f30585b6ba",
    "https://deno.land/std@0.150.0/fs/walk.ts": "6ce8d87fbaeda23383e979599ad27f3f94b3e5ff0c0cd976b5fc5c2aa0df7d92",
    "https://deno.land/std@0.150.0/http/http_status.ts": "897575a7d6bc2b9123f6a38ecbc0f03d95a532c5d92029315dc9f508e12526b8",
    "https://deno.land/std@0.150.0/http/server.ts": "0b0a9f3abfcfecead944b31ee9098a0c11a59b0495bf873ee200eb80e7441483",
    "https://deno.land/std@0.150.0/media_types/_util.ts": "ce9b4fc4ba1c447dafab619055e20fd88236ca6bdd7834a21f98bd193c3fbfa1",
    "https://deno.land/std@0.150.0/media_types/mod.ts": "2d4b6f32a087029272dc59e0a55ae3cc4d1b27b794ccf528e94b1925795b3118",
    "https://deno.land/std@0.150.0/media_types/vendor/mime-db.v1.52.0.ts": "724cee25fa40f1a52d3937d6b4fbbfdd7791ff55e1b7ac08d9319d5632c7f5af",
    "https://deno.land/std@0.150.0/path/_constants.ts": "df1db3ffa6dd6d1252cc9617e5d72165cd2483df90e93833e13580687b6083c3",
    "https://deno.land/std@0.150.0/path/_interface.ts": "ee3b431a336b80cf445441109d089b70d87d5e248f4f90ff906820889ecf8d09",
    "https://deno.land/std@0.150.0/path/_util.ts": "c1e9686d0164e29f7d880b2158971d805b6e0efc3110d0b3e24e4b8af2190d2b",
    "https://deno.land/std@0.150.0/path/common.ts": "bee563630abd2d97f99d83c96c2fa0cca7cee103e8cb4e7699ec4d5db7bd2633",
    "https://deno.land/std@0.150.0/path/glob.ts": "cb5255638de1048973c3e69e420c77dc04f75755524cb3b2e160fe9277d939ee",
    "https://deno.land/std@0.150.0/path/mod.ts": "4945b430b759b0b3d98f2a278542cbcf95e0ad2bd8eaaed3c67322b306b2b346",
    "https://deno.land/std@0.150.0/path/posix.ts": "c1f7afe274290ea0b51da07ee205653b2964bd74909a82deb07b69a6cc383aaa",
    "https://deno.land/std@0.150.0/path/separator.ts": "fe1816cb765a8068afb3e8f13ad272351c85cbc739af56dacfc7d93d710fe0f9",
    "https://deno.land/std@0.150.0/path/win32.ts": "bd7549042e37879c68ff2f8576a25950abbfca1d696d41d82c7bca0b7e6f452c",
    "https://deno.land/std@0.152.0/async/abortable.ts": "87aa7230be8360c24ad437212311c9e8d4328854baec27b4c7abb26e85515c06",
    "https://deno.land/std@0.152.0/async/deadline.ts": "48ac998d7564969f3e6ec6b6f9bf0217ebd00239b1b2292feba61272d5dd58d0",
    "https://deno.land/std@0.152.0/async/debounce.ts": "564273ef242bcfcda19a439132f940db8694173abffc159ea34f07d18fc42620",
    "https://deno.land/std@0.152.0/async/deferred.ts": "bc18e28108252c9f67dfca2bbc4587c3cbf3aeb6e155f8c864ca8ecff992b98a",
    "https://deno.land/std@0.152.0/async/delay.ts": "cbbdf1c87d1aed8edc7bae13592fb3e27e3106e0748f089c263390d4f49e5f6c",
    "https://deno.land/std@0.152.0/async/mod.ts": "dd0a8ed4f3984ffabe2fcca7c9f466b7932d57b1864ffee148a5d5388316db6b",
    "https://deno.land/std@0.152.0/async/mux_async_iterator.ts": "5b4aca6781ad0f2e19ccdf1d1a1c092ccd3e00d52050d9c27c772658c8367256",
    "https://deno.land/std@0.152.0/async/pool.ts": "ef9eb97b388543acbf0ac32647121e4dbe629236899586c4d4311a8770fbb239",
    "https://deno.land/std@0.152.0/async/tee.ts": "bcfae0017ebb718cf4eef9e2420e8675d91cb1bcc0ed9b668681af6e6caad846",
    "https://deno.land/std@0.152.0/http/server.ts": "0b0a9f3abfcfecead944b31ee9098a0c11a59b0495bf873ee200eb80e7441483",
    "https://deno.land/std@0.156.0/_util/assert.ts": "e94f2eb37cebd7f199952e242c77654e43333c1ac4c5c700e929ea3aa5489f74",
    "https://deno.land/std@0.156.0/_util/os.ts": "3b4c6e27febd119d36a416d7a97bd3b0251b77c88942c8f16ee5953ea13e2e49",
    "https://deno.land/std@0.156.0/fs/_util.ts": "fdc156f897197f261a1c096dcf8ff9267ed0ff42bd5b31f55053a4763a4bae3b",
    "https://deno.land/std@0.156.0/fs/copy.ts": "73bdf24f4322648d9bc38ef983b818637ba368351d17aa03644209d3ce3eac31",
    "https://deno.land/std@0.156.0/fs/empty_dir.ts": "c15a0aaaf40f8c21cca902aa1e01a789ad0c2fd1b7e2eecf4957053c5dbf707f",
    "https://deno.land/std@0.156.0/fs/ensure_dir.ts": "76395fc1c989ca8d2de3aedfa8240eb8f5225cde20f926de957995b063135b80",
    "https://deno.land/std@0.156.0/fs/ensure_file.ts": "b8e32ea63aa21221d0219760ba3f741f682d7f7d68d0d24a3ec067c338568152",
    "https://deno.land/std@0.156.0/fs/ensure_link.ts": "5cc1c04f18487d7d1edf4c5469705f30b61390ffd24ad7db6df85e7209b32bb2",
    "https://deno.land/std@0.156.0/fs/ensure_symlink.ts": "5273557b8c50be69477aa9cb003b54ff2240a336db52a40851c97abce76b96ab",
    "https://deno.land/std@0.156.0/fs/eol.ts": "b92f0b88036de507e7e6fbedbe8f666835ea9dcbf5ac85917fa1fadc919f83a5",
    "https://deno.land/std@0.156.0/fs/exists.ts": "3661a679d9018338df5df7cd9fc7cd918f5e447e7304a5391f849a893ce24107",
    "https://deno.land/std@0.156.0/fs/expand_glob.ts": "333a8b9b0726b6909e5af30fb99c68e5b0e734d37af8cbc2ad1f062f26ca4d50",
    "https://deno.land/std@0.156.0/fs/mod.ts": "354a6f972ef4e00c4dd1f1339a8828ef0764c1c23d3c0010af3fcc025d8655b0",
    "https://deno.land/std@0.156.0/fs/move.ts": "6d7fa9da60dbc7a32dd7fdbc2ff812b745861213c8e92ba96dace0669b0c378c",
    "https://deno.land/std@0.156.0/fs/walk.ts": "d6c73a2a2fb5fde60150ce27cff3fff420e72e5bb84131b4919c9a41d74712ce",
    "https://deno.land/std@0.156.0/path/_constants.ts": "df1db3ffa6dd6d1252cc9617e5d72165cd2483df90e93833e13580687b6083c3",
    "https://deno.land/std@0.156.0/path/_interface.ts": "ee3b431a336b80cf445441109d089b70d87d5e248f4f90ff906820889ecf8d09",
    "https://deno.land/std@0.156.0/path/_util.ts": "d16be2a16e1204b65f9d0dfc54a9bc472cafe5f4a190b3c8471ec2016ccd1677",
    "https://deno.land/std@0.156.0/path/common.ts": "bee563630abd2d97f99d83c96c2fa0cca7cee103e8cb4e7699ec4d5db7bd2633",
    "https://deno.land/std@0.156.0/path/glob.ts": "cb5255638de1048973c3e69e420c77dc04f75755524cb3b2e160fe9277d939ee",
    "https://deno.land/std@0.156.0/path/mod.ts": "56fec03ad0ebd61b6ab39ddb9b0ddb4c4a5c9f2f4f632e09dd37ec9ebfd722ac",
    "https://deno.land/std@0.156.0/path/posix.ts": "c1f7afe274290ea0b51da07ee205653b2964bd74909a82deb07b69a6cc383aaa",
    "https://deno.land/std@0.156.0/path/separator.ts": "fe1816cb765a8068afb3e8f13ad272351c85cbc739af56dacfc7d93d710fe0f9",
    "https://deno.land/std@0.156.0/path/win32.ts": "bd7549042e37879c68ff2f8576a25950abbfca1d696d41d82c7bca0b7e6f452c",
    "https://deno.land/std@0.162.0/_util/assert.ts": "e94f2eb37cebd7f199952e242c77654e43333c1ac4c5c700e929ea3aa5489f74",
    "https://deno.land/std@0.162.0/bytes/equals.ts": "3c3558c3ae85526f84510aa2b48ab2ad7bdd899e2e0f5b7a8ffc85acb3a6043a",
    "https://deno.land/std@0.162.0/bytes/mod.ts": "b2e342fd3669176a27a4e15061e9d588b89c1aaf5008ab71766e23669565d179",
    "https://deno.land/std@0.162.0/uuid/_common.ts": "b608b98503c701d96ddf6983a40fa424952e1ea6d4b13bf13ebe29530742cee4",
    "https://deno.land/std@0.162.0/uuid/mod.ts": "e57ba10200d75f2b17570f13eba19faa6734b1be2da5091e2c01039df41274a5",
    "https://deno.land/std@0.162.0/uuid/v1.ts": "7123410ef9ce980a4f2e54a586ccde5ed7063f6f119a70d86eebd92f8e100295",
    "https://deno.land/std@0.162.0/uuid/v4.ts": "3e983c6ac895ea2a7ba03da927a2438fe1c26ac43fb38dc44f2f8aa50c23cb53",
    "https://deno.land/std@0.162.0/uuid/v5.ts": "43973aeda44ad212f2ec9b8d6c042b74d5cef4ce583d6aa6fc4cdb339344c74c",
    "https://deno.land/std@0.163.0/fmt/colors.ts": "9e36a716611dcd2e4865adea9c4bec916b5c60caad4cdcdc630d4974e6bb8bd4",
    "https://deno.land/std@0.163.0/testing/_diff.ts": "a23e7fc2b4d8daa3e158fa06856bedf5334ce2a2831e8bf9e509717f455adb2c",
    "https://deno.land/std@0.163.0/testing/_format.ts": "cd11136e1797791045e639e9f0f4640d5b4166148796cad37e6ef75f7d7f3832",
    "https://deno.land/std@0.163.0/testing/asserts.ts": "1e340c589853e82e0807629ba31a43c84ebdcdeca910c4a9705715dfdb0f5ce8",
    "https://deno.land/x/denoflate@1.2.1/mod.ts": "f5628e44b80b3d80ed525afa2ba0f12408e3849db817d47a883b801f9ce69dd6",
    "https://deno.land/x/denoflate@1.2.1/pkg/denoflate.js": "b9f9ad9457d3f12f28b1fb35c555f57443427f74decb403113d67364e4f2caf4",
    "https://deno.land/x/denoflate@1.2.1/pkg/denoflate_bg.wasm.js": "d581956245407a2115a3d7e8d85a9641c032940a8e810acbd59ca86afd34d44d",
    "https://deno.land/x/esbuild@v0.14.51/mod.d.ts": "c142324d0383c39de0d7660cd207a7f7f52c7198a13d7d3281c0d636a070f441",
    "https://deno.land/x/esbuild@v0.14.51/mod.js": "7432566c71fac77637822dc230319c7392a2d2fef51204c9d12c956d7093c279",
    "https://deno.land/x/esbuild@v0.14.51/wasm.d.ts": "c142324d0383c39de0d7660cd207a7f7f52c7198a13d7d3281c0d636a070f441",
    "https://deno.land/x/esbuild@v0.14.51/wasm.js": "afc1b6927543b664af60ce452c4929e5dc2bb9a0f4ed47b446a6431847c7598e",
    "https://deno.land/x/esbuild_deno_loader@0.5.2/deps.ts": "bf83c27b7787b2f245fa0bc0b99f5041aa949c000a81c016cfe828d06b476d37",
    "https://deno.land/x/esbuild_deno_loader@0.5.2/mod.ts": "bc111a68f323dbdb6edec68dd558ab732b27866d2ef304708872d763387b65d7",
    "https://deno.land/x/esbuild_deno_loader@0.5.2/src/deno.ts": "0e83ccabbe2b004389288e38df2031b79eb347df2d139fce9394d8e88a11f259",
    "https://deno.land/x/esbuild_deno_loader@0.5.2/src/native_loader.ts": "343854a566cf510cf25144f7c09fc0c1097780a31830305142a075d12bb697ba",
    "https://deno.land/x/esbuild_deno_loader@0.5.2/src/portable_loader.ts": "35b6c526eed8c2c781a3256b23c30aa7cce69c0ef1d583c15528663287ba18a3",
    "https://deno.land/x/esbuild_deno_loader@0.5.2/src/shared.ts": "b64749cd8c0f6252a11498bd8758ef1220003e46b2c9b68e16da63fd7e92b13a",
    "https://deno.land/x/exec@0.0.5/mod.ts": "2a71f7e23e25be883275b22d872bbd2c3dfa3058934f1f156c8663fb81f5894f",
    "https://deno.land/x/fresh@1.1.2/server.ts": "f379c9aad24471a71e58fb887fa57e5cc27ad9df035987eb260541c78df38e84",
    "https://deno.land/x/fresh@1.1.2/src/runtime/csp.ts": "9ee900e9b0b786057b1009da5976298c202d1b86d1f1e4d2510bde5f06530ac9",
    "https://deno.land/x/fresh@1.1.2/src/runtime/head.ts": "0f9932874497ab6e57ed1ba01d549e843523df4a5d36ef97460e7a43e3132fdc",
    "https://deno.land/x/fresh@1.1.2/src/runtime/utils.ts": "8320a874a44bdd5905c7d4b87a0e7a14a6c50a2ed133800e72ae57341e4d4faa",
    "https://deno.land/x/fresh@1.1.2/src/server/bundle.ts": "f529a54ea5e078b9bd94c64c2ad345a3ba763b39c25b6e61f90629bdfa39c2ff",
    "https://deno.land/x/fresh@1.1.2/src/server/constants.ts": "ad10dda1bc20c25c2926f6a8cfd79ef4368d70b4b03a645f65c04b3fa7d93a8c",
    "https://deno.land/x/fresh@1.1.2/src/server/context.ts": "b385b982de2e5ee6e543dd56aad0e88f8f8fe5d9497909cf16caaf23b4d88b62",
    "https://deno.land/x/fresh@1.1.2/src/server/default_error_page.ts": "1155ac98b3729bf2e51be730af507e431db0ee43ac84c86f1c022a831b310106",
    "https://deno.land/x/fresh@1.1.2/src/server/deps.ts": "1c4e05b7d6e4eecc0012c9ec30ee587d8f533ab67c2bcb59048ed5f76841a770",
    "https://deno.land/x/fresh@1.1.2/src/server/htmlescape.ts": "834ac7d0caa9fc38dffd9b8613fb47aeecd4f22d5d70c51d4b20a310c085835c",
    "https://deno.land/x/fresh@1.1.2/src/server/mod.ts": "72d213444334dd2e94c757a0eee0fc486c0919399ea9184d07ad042f34edd00d",
    "https://deno.land/x/fresh@1.1.2/src/server/render.ts": "6f50707bd1f6e33ed84bb71ae3b0996d202b953cefc4285f5356524c7b21f01f",
    "https://deno.land/x/fresh@1.1.2/src/server/types.ts": "dde992ab4ee635df71a7fc96fe4cd85943c1a9286ea8eb586563d5f5ca154955",
    "https://deno.land/x/importmap@0.2.1/_util.ts": "ada9a9618b537e6c0316c048a898352396c882b9f2de38aba18fd3f2950ede89",
    "https://deno.land/x/importmap@0.2.1/mod.ts": "ae3d1cd7eabd18c01a4960d57db471126b020f23b37ef14e1359bbb949227ade",
    "https://deno.land/x/rutt@0.0.13/mod.ts": "af981cfb95131152bf50fc9140fc00cb3efb6563df2eded1d408361d8577df20",
    "https://esm.sh/*preact-render-to-string@5.2.4": "bc2c731f186efa0c21b57b43789d6c107e0b8ef320f472954ba6fedfb2943372",
    "https://esm.sh/preact@10.11.2": "a7484db8d718104c029053f08954ed862f15b2a1440867a4eb63a3a78e7749c7",
    "https://esm.sh/preact@10.11.2/hooks": "dc759275a04afc43f2341d80a49c1b72b724f4a08ef7ce6080b6dcfcd788bd31",
    "https://esm.sh/stable/preact@10.11.2/deno/hooks.js": "087a25c11461775d85401c1329ff8ec0e209e2b2892f31683eb66fd74030af9e",
    "https://esm.sh/stable/preact@10.11.2/deno/preact.js": "10e7be6ea2698598105f404198789d8a34fd6a1ca020482f94eaaaca736badf5",
    "https://esm.sh/v92/@types/json-schema@7.0.11/X-YS9yZWFjdDpwcmVhY3QvY29tcGF0CmQvcHJlYWN0QDEwLjEwLjY/index.d.ts": "f3e604694b624fa3f83f6684185452992088f5efb2cf136b62474aa106d6f1b6",
    "https://esm.sh/v96/preact-render-to-string@5.2.4/X-ZS8q/deno/preact-render-to-string.js": "75aad97b00d5ad63383de7f729a3f1fea59e69a9b876db5551d9c746ed372f82",
    "https://esm.sh/v96/preact-render-to-string@5.2.4/X-ZS8q/src/index.d.ts": "b1d73703252c8570fdf2952475805f5808ba3511fefbd93a3e7bd8406de7dcd0",
    "https://esm.sh/v96/preact@10.11.2/hooks/src/index.d.ts": "5c29febb624fc25d71cb0e125848c9b711e233337a08f7eacfade38fd4c14cc3",
    "https://esm.sh/v96/preact@10.11.2/src/index.d.ts": "76842a9d103548261ee001f2aee5fa5cacc8b1b4b4032af537ed84603c8f4a31",
    "https://esm.sh/v96/preact@10.11.2/src/jsx.d.ts": "77ce5bd7324455c9f6dc85bfc3c94b733acb92cc98fdf82e4b1059c8bca7866d"
  }
}
